// !$*UTF8*$!
{
	archiveVersion = 1;
	classes = {
	};
	objectVersion = 46;
	objects = {

/* Begin PBXBuildFile section */
		F00388481CE9A91300FCCEF5 /* main.m in Sources */ = {isa = PBXBuildFile; fileRef = F00388471CE9A91300FCCEF5 /* main.m */; };
		F003884B1CE9A91300FCCEF5 /* AppDelegate.m in Sources */ = {isa = PBXBuildFile; fileRef = F003884A1CE9A91300FCCEF5 /* AppDelegate.m */; };
		F003884E1CE9A91300FCCEF5 /* ViewController.m in Sources */ = {isa = PBXBuildFile; fileRef = F003884D1CE9A91300FCCEF5 /* ViewController.m */; };
		F00388511CE9A91300FCCEF5 /* Main.storyboard in Resources */ = {isa = PBXBuildFile; fileRef = F003884F1CE9A91300FCCEF5 /* Main.storyboard */; };
		F00388531CE9A91300FCCEF5 /* Assets.xcassets in Resources */ = {isa = PBXBuildFile; fileRef = F00388521CE9A91300FCCEF5 /* Assets.xcassets */; };
		F00388561CE9A91300FCCEF5 /* LaunchScreen.storyboard in Resources */ = {isa = PBXBuildFile; fileRef = F00388541CE9A91300FCCEF5 /* LaunchScreen.storyboard */; };
		F00388611CE9A91300FCCEF5 /* XPVideoPlayerTests.m in Sources */ = {isa = PBXBuildFile; fileRef = F00388601CE9A91300FCCEF5 /* XPVideoPlayerTests.m */; };
		F003886C1CE9A91300FCCEF5 /* XPVideoPlayerUITests.m in Sources */ = {isa = PBXBuildFile; fileRef = F003886B1CE9A91300FCCEF5 /* XPVideoPlayerUITests.m */; };
		F003887F1CE9AA4A00FCCEF5 /* VideoFullscreen@2x.png in Resources */ = {isa = PBXBuildFile; fileRef = F003887B1CE9AA4A00FCCEF5 /* VideoFullscreen@2x.png */; };
		F00388801CE9AA4A00FCCEF5 /* VideoPlayerPause@2x.png in Resources */ = {isa = PBXBuildFile; fileRef = F003887C1CE9AA4A00FCCEF5 /* VideoPlayerPause@2x.png */; };
		F00388811CE9AA4A00FCCEF5 /* VideoPlayerPlay@2x.png in Resources */ = {isa = PBXBuildFile; fileRef = F003887D1CE9AA4A00FCCEF5 /* VideoPlayerPlay@2x.png */; };
		F00388821CE9AA4A00FCCEF5 /* VideoProgressThumb@2x.png in Resources */ = {isa = PBXBuildFile; fileRef = F003887E1CE9AA4A00FCCEF5 /* VideoProgressThumb@2x.png */; };
		F00388851CE9AAAF00FCCEF5 /* XPVideoPlayer.m in Sources */ = {isa = PBXBuildFile; fileRef = F00388841CE9AAAF00FCCEF5 /* XPVideoPlayer.m */; };
		F00388881CE9AAD800FCCEF5 /* XPVideoPlayerView.m in Sources */ = {isa = PBXBuildFile; fileRef = F00388871CE9AAD800FCCEF5 /* XPVideoPlayerView.m */; };
		F07FAB311CEEFB1B00B410AD /* XPVideoCache.m in Sources */ = {isa = PBXBuildFile; fileRef = F07FAB301CEEFB1B00B410AD /* XPVideoCache.m */; };
		F0B842661CF33BB900998110 /* FileObject.m in Sources */ = {isa = PBXBuildFile; fileRef = F0B842651CF33BB900998110 /* FileObject.m */; };
		F0EB03A71CEAFB2500F025E8 /* XPVideoPlayerProvider.m in Sources */ = {isa = PBXBuildFile; fileRef = F0EB03A61CEAFB2500F025E8 /* XPVideoPlayerProvider.m */; };
/* End PBXBuildFile section */

/* Begin PBXContainerItemProxy section */
		F003885D1CE9A91300FCCEF5 /* PBXContainerItemProxy */ = {
			isa = PBXContainerItemProxy;
			containerPortal = F003883B1CE9A91300FCCEF5 /* Project object */;
			proxyType = 1;
			remoteGlobalIDString = F00388421CE9A91300FCCEF5;
			remoteInfo = XPVideoPlayer;
		};
		F00388681CE9A91300FCCEF5 /* PBXContainerItemProxy */ = {
			isa = PBXContainerItemProxy;
			containerPortal = F003883B1CE9A91300FCCEF5 /* Project object */;
			proxyType = 1;
			remoteGlobalIDString = F00388421CE9A91300FCCEF5;
			remoteInfo = XPVideoPlayer;
		};
/* End PBXContainerItemProxy section */

/* Begin PBXFileReference section */
		F00388431CE9A91300FCCEF5 /* XPVideoPlayer.app */ = {isa = PBXFileReference; explicitFileType = wrapper.application; includeInIndex = 0; path = XPVideoPlayer.app; sourceTree = BUILT_PRODUCTS_DIR; };
		F00388471CE9A91300FCCEF5 /* main.m */ = {isa = PBXFileReference; lastKnownFileType = sourcecode.c.objc; path = main.m; sourceTree = "<group>"; };
		F00388491CE9A91300FCCEF5 /* AppDelegate.h */ = {isa = PBXFileReference; lastKnownFileType = sourcecode.c.h; name = AppDelegate.h; path = XPVideoPlayer/AppDelegate.h; sourceTree = "<group>"; };
		F003884A1CE9A91300FCCEF5 /* AppDelegate.m */ = {isa = PBXFileReference; lastKnownFileType = sourcecode.c.objc; name = AppDelegate.m; path = XPVideoPlayer/AppDelegate.m; sourceTree = "<group>"; };
		F003884C1CE9A91300FCCEF5 /* ViewController.h */ = {isa = PBXFileReference; lastKnownFileType = sourcecode.c.h; name = ViewController.h; path = XPVideoPlayer/ViewController.h; sourceTree = "<group>"; };
		F003884D1CE9A91300FCCEF5 /* ViewController.m */ = {isa = PBXFileReference; lastKnownFileType = sourcecode.c.objc; name = ViewController.m; path = XPVideoPlayer/ViewController.m; sourceTree = "<group>"; };
		F00388501CE9A91300FCCEF5 /* Base */ = {isa = PBXFileReference; lastKnownFileType = file.storyboard; name = Base; path = Base.lproj/Main.storyboard; sourceTree = "<group>"; };
		F00388521CE9A91300FCCEF5 /* Assets.xcassets */ = {isa = PBXFileReference; lastKnownFileType = folder.assetcatalog; name = Assets.xcassets; path = XPVideoPlayer/Assets.xcassets; sourceTree = "<group>"; };
		F00388551CE9A91300FCCEF5 /* Base */ = {isa = PBXFileReference; lastKnownFileType = file.storyboard; name = Base; path = Base.lproj/LaunchScreen.storyboard; sourceTree = "<group>"; };
		F00388571CE9A91300FCCEF5 /* Info.plist */ = {isa = PBXFileReference; lastKnownFileType = text.plist.xml; name = Info.plist; path = XPVideoPlayer/Info.plist; sourceTree = "<group>"; };
		F003885C1CE9A91300FCCEF5 /* XPVideoPlayerTests.xctest */ = {isa = PBXFileReference; explicitFileType = wrapper.cfbundle; includeInIndex = 0; path = XPVideoPlayerTests.xctest; sourceTree = BUILT_PRODUCTS_DIR; };
		F00388601CE9A91300FCCEF5 /* XPVideoPlayerTests.m */ = {isa = PBXFileReference; lastKnownFileType = sourcecode.c.objc; path = XPVideoPlayerTests.m; sourceTree = "<group>"; };
		F00388621CE9A91300FCCEF5 /* Info.plist */ = {isa = PBXFileReference; lastKnownFileType = text.plist.xml; path = Info.plist; sourceTree = "<group>"; };
		F00388671CE9A91300FCCEF5 /* XPVideoPlayerUITests.xctest */ = {isa = PBXFileReference; explicitFileType = wrapper.cfbundle; includeInIndex = 0; path = XPVideoPlayerUITests.xctest; sourceTree = BUILT_PRODUCTS_DIR; };
		F003886B1CE9A91300FCCEF5 /* XPVideoPlayerUITests.m */ = {isa = PBXFileReference; lastKnownFileType = sourcecode.c.objc; path = XPVideoPlayerUITests.m; sourceTree = "<group>"; };
		F003886D1CE9A91300FCCEF5 /* Info.plist */ = {isa = PBXFileReference; lastKnownFileType = text.plist.xml; path = Info.plist; sourceTree = "<group>"; };
		F003887B1CE9AA4A00FCCEF5 /* VideoFullscreen@2x.png */ = {isa = PBXFileReference; lastKnownFileType = image.png; path = "VideoFullscreen@2x.png"; sourceTree = "<group>"; };
		F003887C1CE9AA4A00FCCEF5 /* VideoPlayerPause@2x.png */ = {isa = PBXFileReference; lastKnownFileType = image.png; path = "VideoPlayerPause@2x.png"; sourceTree = "<group>"; };
		F003887D1CE9AA4A00FCCEF5 /* VideoPlayerPlay@2x.png */ = {isa = PBXFileReference; lastKnownFileType = image.png; path = "VideoPlayerPlay@2x.png"; sourceTree = "<group>"; };
		F003887E1CE9AA4A00FCCEF5 /* VideoProgressThumb@2x.png */ = {isa = PBXFileReference; lastKnownFileType = image.png; path = "VideoProgressThumb@2x.png"; sourceTree = "<group>"; };
		F00388831CE9AAAF00FCCEF5 /* XPVideoPlayer.h */ = {isa = PBXFileReference; fileEncoding = 4; lastKnownFileType = sourcecode.c.h; path = XPVideoPlayer.h; sourceTree = "<group>"; };
		F00388841CE9AAAF00FCCEF5 /* XPVideoPlayer.m */ = {isa = PBXFileReference; fileEncoding = 4; lastKnownFileType = sourcecode.c.objc; path = XPVideoPlayer.m; sourceTree = "<group>"; };
		F00388861CE9AAD800FCCEF5 /* XPVideoPlayerView.h */ = {isa = PBXFileReference; fileEncoding = 4; lastKnownFileType = sourcecode.c.h; path = XPVideoPlayerView.h; sourceTree = "<group>"; };
		F00388871CE9AAD800FCCEF5 /* XPVideoPlayerView.m */ = {isa = PBXFileReference; fileEncoding = 4; lastKnownFileType = sourcecode.c.objc; path = XPVideoPlayerView.m; sourceTree = "<group>"; };
		F07FAB2F1CEEFB1B00B410AD /* XPVideoCache.h */ = {isa = PBXFileReference; fileEncoding = 4; lastKnownFileType = sourcecode.c.h; path = XPVideoCache.h; sourceTree = "<group>"; };
		F07FAB301CEEFB1B00B410AD /* XPVideoCache.m */ = {isa = PBXFileReference; fileEncoding = 4; lastKnownFileType = sourcecode.c.objc; path = XPVideoCache.m; sourceTree = "<group>"; };
		F0B842641CF33BB900998110 /* FileObject.h */ = {isa = PBXFileReference; fileEncoding = 4; lastKnownFileType = sourcecode.c.h; path = FileObject.h; sourceTree = "<group>"; };
		F0B842651CF33BB900998110 /* FileObject.m */ = {isa = PBXFileReference; fileEncoding = 4; lastKnownFileType = sourcecode.c.objc; path = FileObject.m; sourceTree = "<group>"; };
		F0EB03A51CEAFB2500F025E8 /* XPVideoPlayerProvider.h */ = {isa = PBXFileReference; fileEncoding = 4; lastKnownFileType = sourcecode.c.h; path = XPVideoPlayerProvider.h; sourceTree = "<group>"; };
		F0EB03A61CEAFB2500F025E8 /* XPVideoPlayerProvider.m */ = {isa = PBXFileReference; fileEncoding = 4; lastKnownFileType = sourcecode.c.objc; path = XPVideoPlayerProvider.m; sourceTree = "<group>"; };
/* End PBXFileReference section */

/* Begin PBXFrameworksBuildPhase section */
		F00388401CE9A91300FCCEF5 /* Frameworks */ = {
			isa = PBXFrameworksBuildPhase;
			buildActionMask = 2147483647;
			files = (
			);
			runOnlyForDeploymentPostprocessing = 0;
		};
		F00388591CE9A91300FCCEF5 /* Frameworks */ = {
			isa = PBXFrameworksBuildPhase;
			buildActionMask = 2147483647;
			files = (
			);
			runOnlyForDeploymentPostprocessing = 0;
		};
		F00388641CE9A91300FCCEF5 /* Frameworks */ = {
			isa = PBXFrameworksBuildPhase;
			buildActionMask = 2147483647;
			files = (
			);
			runOnlyForDeploymentPostprocessing = 0;
		};
/* End PBXFrameworksBuildPhase section */

/* Begin PBXGroup section */
		F003883A1CE9A91300FCCEF5 = {
			isa = PBXGroup;
			children = (
				F00388791CE9A9A400FCCEF5 /* others */,
				F00388451CE9A91300FCCEF5 /* XPVideoPlayer */,
				F003885F1CE9A91300FCCEF5 /* XPVideoPlayerTests */,
				F003886A1CE9A91300FCCEF5 /* XPVideoPlayerUITests */,
				F00388441CE9A91300FCCEF5 /* Products */,
			);
			sourceTree = "<group>";
		};
		F00388441CE9A91300FCCEF5 /* Products */ = {
			isa = PBXGroup;
			children = (
				F00388431CE9A91300FCCEF5 /* XPVideoPlayer.app */,
				F003885C1CE9A91300FCCEF5 /* XPVideoPlayerTests.xctest */,
				F00388671CE9A91300FCCEF5 /* XPVideoPlayerUITests.xctest */,
			);
			name = Products;
			sourceTree = "<group>";
		};
		F00388451CE9A91300FCCEF5 /* XPVideoPlayer */ = {
			isa = PBXGroup;
			children = (
				F003887A1CE9AA1E00FCCEF5 /* images */,
				F00388831CE9AAAF00FCCEF5 /* XPVideoPlayer.h */,
				F00388841CE9AAAF00FCCEF5 /* XPVideoPlayer.m */,
				F00388861CE9AAD800FCCEF5 /* XPVideoPlayerView.h */,
				F00388871CE9AAD800FCCEF5 /* XPVideoPlayerView.m */,
				F0EB03A51CEAFB2500F025E8 /* XPVideoPlayerProvider.h */,
				F0EB03A61CEAFB2500F025E8 /* XPVideoPlayerProvider.m */,
				F07FAB2F1CEEFB1B00B410AD /* XPVideoCache.h */,
				F07FAB301CEEFB1B00B410AD /* XPVideoCache.m */,
				F0B842641CF33BB900998110 /* FileObject.h */,
				F0B842651CF33BB900998110 /* FileObject.m */,
			);
			path = XPVideoPlayer;
			sourceTree = "<group>";
		};
		F00388461CE9A91300FCCEF5 /* Supporting Files */ = {
			isa = PBXGroup;
			children = (
				F00388471CE9A91300FCCEF5 /* main.m */,
			);
			name = "Supporting Files";
			path = XPVideoPlayer;
			sourceTree = "<group>";
		};
		F003885F1CE9A91300FCCEF5 /* XPVideoPlayerTests */ = {
			isa = PBXGroup;
			children = (
				F00388601CE9A91300FCCEF5 /* XPVideoPlayerTests.m */,
				F00388621CE9A91300FCCEF5 /* Info.plist */,
			);
			path = XPVideoPlayerTests;
			sourceTree = "<group>";
		};
		F003886A1CE9A91300FCCEF5 /* XPVideoPlayerUITests */ = {
			isa = PBXGroup;
			children = (
				F003886B1CE9A91300FCCEF5 /* XPVideoPlayerUITests.m */,
				F003886D1CE9A91300FCCEF5 /* Info.plist */,
			);
			path = XPVideoPlayerUITests;
			sourceTree = "<group>";
		};
		F00388791CE9A9A400FCCEF5 /* others */ = {
			isa = PBXGroup;
			children = (
				F00388491CE9A91300FCCEF5 /* AppDelegate.h */,
				F003884A1CE9A91300FCCEF5 /* AppDelegate.m */,
				F003884C1CE9A91300FCCEF5 /* ViewController.h */,
				F003884D1CE9A91300FCCEF5 /* ViewController.m */,
				F00388461CE9A91300FCCEF5 /* Supporting Files */,
				F003884F1CE9A91300FCCEF5 /* Main.storyboard */,
				F00388521CE9A91300FCCEF5 /* Assets.xcassets */,
				F00388541CE9A91300FCCEF5 /* LaunchScreen.storyboard */,
				F00388571CE9A91300FCCEF5 /* Info.plist */,
			);
			name = others;
			sourceTree = "<group>";
		};
		F003887A1CE9AA1E00FCCEF5 /* images */ = {
			isa = PBXGroup;
			children = (
				F003887B1CE9AA4A00FCCEF5 /* VideoFullscreen@2x.png */,
				F003887C1CE9AA4A00FCCEF5 /* VideoPlayerPause@2x.png */,
				F003887D1CE9AA4A00FCCEF5 /* VideoPlayerPlay@2x.png */,
				F003887E1CE9AA4A00FCCEF5 /* VideoProgressThumb@2x.png */,
			);
			name = images;
			sourceTree = "<group>";
		};
/* End PBXGroup section */

/* Begin PBXNativeTarget section */
		F00388421CE9A91300FCCEF5 /* XPVideoPlayer */ = {
			isa = PBXNativeTarget;
			buildConfigurationList = F00388701CE9A91300FCCEF5 /* Build configuration list for PBXNativeTarget "XPVideoPlayer" */;
			buildPhases = (
				F003883F1CE9A91300FCCEF5 /* Sources */,
				F00388401CE9A91300FCCEF5 /* Frameworks */,
				F00388411CE9A91300FCCEF5 /* Resources */,
			);
			buildRules = (
			);
			dependencies = (
			);
			name = XPVideoPlayer;
			productName = XPVideoPlayer;
			productReference = F00388431CE9A91300FCCEF5 /* XPVideoPlayer.app */;
			productType = "com.apple.product-type.application";
		};
		F003885B1CE9A91300FCCEF5 /* XPVideoPlayerTests */ = {
			isa = PBXNativeTarget;
			buildConfigurationList = F00388731CE9A91300FCCEF5 /* Build configuration list for PBXNativeTarget "XPVideoPlayerTests" */;
			buildPhases = (
				F00388581CE9A91300FCCEF5 /* Sources */,
				F00388591CE9A91300FCCEF5 /* Frameworks */,
				F003885A1CE9A91300FCCEF5 /* Resources */,
			);
			buildRules = (
			);
			dependencies = (
				F003885E1CE9A91300FCCEF5 /* PBXTargetDependency */,
			);
			name = XPVideoPlayerTests;
			productName = XPVideoPlayerTests;
			productReference = F003885C1CE9A91300FCCEF5 /* XPVideoPlayerTests.xctest */;
			productType = "com.apple.product-type.bundle.unit-test";
		};
		F00388661CE9A91300FCCEF5 /* XPVideoPlayerUITests */ = {
			isa = PBXNativeTarget;
			buildConfigurationList = F00388761CE9A91300FCCEF5 /* Build configuration list for PBXNativeTarget "XPVideoPlayerUITests" */;
			buildPhases = (
				F00388631CE9A91300FCCEF5 /* Sources */,
				F00388641CE9A91300FCCEF5 /* Frameworks */,
				F00388651CE9A91300FCCEF5 /* Resources */,
			);
			buildRules = (
			);
			dependencies = (
				F00388691CE9A91300FCCEF5 /* PBXTargetDependency */,
			);
			name = XPVideoPlayerUITests;
			productName = XPVideoPlayerUITests;
			productReference = F00388671CE9A91300FCCEF5 /* XPVideoPlayerUITests.xctest */;
			productType = "com.apple.product-type.bundle.ui-testing";
		};
/* End PBXNativeTarget section */

/* Begin PBXProject section */
		F003883B1CE9A91300FCCEF5 /* Project object */ = {
			isa = PBXProject;
			attributes = {
				LastUpgradeCheck = 0720;
				ORGANIZATIONNAME = duxiangping;
				TargetAttributes = {
					F00388421CE9A91300FCCEF5 = {
						CreatedOnToolsVersion = 7.2;
					};
					F003885B1CE9A91300FCCEF5 = {
						CreatedOnToolsVersion = 7.2;
						TestTargetID = F00388421CE9A91300FCCEF5;
					};
					F00388661CE9A91300FCCEF5 = {
						CreatedOnToolsVersion = 7.2;
						TestTargetID = F00388421CE9A91300FCCEF5;
					};
				};
			};
			buildConfigurationList = F003883E1CE9A91300FCCEF5 /* Build configuration list for PBXProject "XPVideoPlayer" */;
			compatibilityVersion = "Xcode 3.2";
			developmentRegion = English;
			hasScannedForEncodings = 0;
			knownRegions = (
				en,
				Base,
			);
			mainGroup = F003883A1CE9A91300FCCEF5;
			productRefGroup = F00388441CE9A91300FCCEF5 /* Products */;
			projectDirPath = "";
			projectRoot = "";
			targets = (
				F00388421CE9A91300FCCEF5 /* XPVideoPlayer */,
				F003885B1CE9A91300FCCEF5 /* XPVideoPlayerTests */,
				F00388661CE9A91300FCCEF5 /* XPVideoPlayerUITests */,
			);
		};
/* End PBXProject section */

/* Begin PBXResourcesBuildPhase section */
		F00388411CE9A91300FCCEF5 /* Resources */ = {
			isa = PBXResourcesBuildPhase;
			buildActionMask = 2147483647;
			files = (
				F00388801CE9AA4A00FCCEF5 /* VideoPlayerPause@2x.png in Resources */,
				F00388811CE9AA4A00FCCEF5 /* VideoPlayerPlay@2x.png in Resources */,
				F00388561CE9A91300FCCEF5 /* LaunchScreen.storyboard in Resources */,
				F003887F1CE9AA4A00FCCEF5 /* VideoFullscreen@2x.png in Resources */,
				F00388531CE9A91300FCCEF5 /* Assets.xcassets in Resources */,
				F00388821CE9AA4A00FCCEF5 /* VideoProgressThumb@2x.png in Resources */,
				F00388511CE9A91300FCCEF5 /* Main.storyboard in Resources */,
			);
			runOnlyForDeploymentPostprocessing = 0;
		};
		F003885A1CE9A91300FCCEF5 /* Resources */ = {
			isa = PBXResourcesBuildPhase;
			buildActionMask = 2147483647;
			files = (
			);
			runOnlyForDeploymentPostprocessing = 0;
		};
		F00388651CE9A91300FCCEF5 /* Resources */ = {
			isa = PBXResourcesBuildPhase;
			buildActionMask = 2147483647;
			files = (
			);
			runOnlyForDeploymentPostprocessing = 0;
		};
/* End PBXResourcesBuildPhase section */

/* Begin PBXSourcesBuildPhase section */
		F003883F1CE9A91300FCCEF5 /* Sources */ = {
			isa = PBXSourcesBuildPhase;
			buildActionMask = 2147483647;
			files = (
				F00388881CE9AAD800FCCEF5 /* XPVideoPlayerView.m in Sources */,
				F003884E1CE9A91300FCCEF5 /* ViewController.m in Sources */,
				F07FAB311CEEFB1B00B410AD /* XPVideoCache.m in Sources */,
				F003884B1CE9A91300FCCEF5 /* AppDelegate.m in Sources */,
				F0EB03A71CEAFB2500F025E8 /* XPVideoPlayerProvider.m in Sources */,
				F00388851CE9AAAF00FCCEF5 /* XPVideoPlayer.m in Sources */,
				F00388481CE9A91300FCCEF5 /* main.m in Sources */,
				F0B842661CF33BB900998110 /* FileObject.m in Sources */,
			);
			runOnlyForDeploymentPostprocessing = 0;
		};
		F00388581CE9A91300FCCEF5 /* Sources */ = {
			isa = PBXSourcesBuildPhase;
			buildActionMask = 2147483647;
			files = (
				F00388611CE9A91300FCCEF5 /* XPVideoPlayerTests.m in Sources */,
			);
			runOnlyForDeploymentPostprocessing = 0;
		};
		F00388631CE9A91300FCCEF5 /* Sources */ = {
			isa = PBXSourcesBuildPhase;
			buildActionMask = 2147483647;
			files = (
				F003886C1CE9A91300FCCEF5 /* XPVideoPlayerUITests.m in Sources */,
			);
			runOnlyForDeploymentPostprocessing = 0;
		};
/* End PBXSourcesBuildPhase section */

/* Begin PBXTargetDependency section */
		F003885E1CE9A91300FCCEF5 /* PBXTargetDependency */ = {
			isa = PBXTargetDependency;
			target = F00388421CE9A91300FCCEF5 /* XPVideoPlayer */;
			targetProxy = F003885D1CE9A91300FCCEF5 /* PBXContainerItemProxy */;
		};
		F00388691CE9A91300FCCEF5 /* PBXTargetDependency */ = {
			isa = PBXTargetDependency;
			target = F00388421CE9A91300FCCEF5 /* XPVideoPlayer */;
			targetProxy = F00388681CE9A91300FCCEF5 /* PBXContainerItemProxy */;
		};
/* End PBXTargetDependency section */

/* Begin PBXVariantGroup section */
		F003884F1CE9A91300FCCEF5 /* Main.storyboard */ = {
			isa = PBXVariantGroup;
			children = (
				F00388501CE9A91300FCCEF5 /* Base */,
			);
			name = Main.storyboard;
			path = XPVideoPlayer;
			sourceTree = "<group>";
		};
		F00388541CE9A91300FCCEF5 /* LaunchScreen.storyboard */ = {
			isa = PBXVariantGroup;
			children = (
				F00388551CE9A91300FCCEF5 /* Base */,
			);
			name = LaunchScreen.storyboard;
			path = XPVideoPlayer;
			sourceTree = "<group>";
		};
/* End PBXVariantGroup section */

/* Begin XCBuildConfiguration section */
		F003886E1CE9A91300FCCEF5 /* Debug */ = {
			isa = XCBuildConfiguration;
			buildSettings = {
				ALWAYS_SEARCH_USER_PATHS = NO;
				CLANG_CXX_LANGUAGE_STANDARD = "gnu++0x";
				CLANG_CXX_LIBRARY = "libc++";
				CLANG_ENABLE_MODULES = YES;
				CLANG_ENABLE_OBJC_ARC = YES;
				CLANG_WARN_BOOL_CONVERSION = YES;
				CLANG_WARN_CONSTANT_CONVERSION = YES;
				CLANG_WARN_DIRECT_OBJC_ISA_USAGE = YES_ERROR;
				CLANG_WARN_EMPTY_BODY = YES;
				CLANG_WARN_ENUM_CONVERSION = YES;
				CLANG_WARN_INT_CONVERSION = YES;
				CLANG_WARN_OBJC_ROOT_CLASS = YES_ERROR;
				CLANG_WARN_UNREACHABLE_CODE = YES;
				CLANG_WARN__DUPLICATE_METHOD_MATCH = YES;
				"CODE_SIGN_IDENTITY[sdk=iphoneos*]" = "iPhone Developer";
				COPY_PHASE_STRIP = NO;
				DEBUG_INFORMATION_FORMAT = dwarf;
				ENABLE_STRICT_OBJC_MSGSEND = YES;
				ENABLE_TESTABILITY = YES;
				GCC_C_LANGUAGE_STANDARD = gnu99;
				GCC_DYNAMIC_NO_PIC = NO;
				GCC_NO_COMMON_BLOCKS = YES;
				GCC_OPTIMIZATION_LEVEL = 0;
				GCC_PREPROCESSOR_DEFINITIONS = (
					"DEBUG=1",
					"$(inherited)",
				);
				GCC_WARN_64_TO_32_BIT_CONVERSION = YES;
				GCC_WARN_ABOUT_RETURN_TYPE = YES_ERROR;
				GCC_WARN_UNDECLARED_SELECTOR = YES;
				GCC_WARN_UNINITIALIZED_AUTOS = YES_AGGRESSIVE;
				GCC_WARN_UNUSED_FUNCTION = YES;
				GCC_WARN_UNUSED_VARIABLE = YES;
				IPHONEOS_DEPLOYMENT_TARGET = 9.2;
				MTL_ENABLE_DEBUG_INFO = YES;
				ONLY_ACTIVE_ARCH = YES;
				SDKROOT = iphoneos;
				TARGETED_DEVICE_FAMILY = "1,2";
			};
			name = Debug;
		};
		F003886F1CE9A91300FCCEF5 /* Release */ = {
			isa = XCBuildConfiguration;
			buildSettings = {
				ALWAYS_SEARCH_USER_PATHS = NO;
				CLANG_CXX_LANGUAGE_STANDARD = "gnu++0x";
				CLANG_CXX_LIBRARY = "libc++";
				CLANG_ENABLE_MODULES = YES;
				CLANG_ENABLE_OBJC_ARC = YES;
				CLANG_WARN_BOOL_CONVERSION = YES;
				CLANG_WARN_CONSTANT_CONVERSION = YES;
				CLANG_WARN_DIRECT_OBJC_ISA_USAGE = YES_ERROR;
				CLANG_WARN_EMPTY_BODY = YES;
				CLANG_WARN_ENUM_CONVERSION = YES;
				CLANG_WARN_INT_CONVERSION = YES;
				CLANG_WARN_OBJC_ROOT_CLASS = YES_ERROR;
				CLANG_WARN_UNREACHABLE_CODE = YES;
				CLANG_WARN__DUPLICATE_METHOD_MATCH = YES;
				"CODE_SIGN_IDENTITY[sdk=iphoneos*]" = "iPhone Developer";
				COPY_PHASE_STRIP = NO;
				DEBUG_INFORMATION_FORMAT = "dwarf-with-dsym";
				ENABLE_NS_ASSERTIONS = NO;
				ENABLE_STRICT_OBJC_MSGSEND = YES;
				GCC_C_LANGUAGE_STANDARD = gnu99;
				GCC_NO_COMMON_BLOCKS = YES;
				GCC_WARN_64_TO_32_BIT_CONVERSION = YES;
				GCC_WARN_ABOUT_RETURN_TYPE = YES_ERROR;
				GCC_WARN_UNDECLARED_SELECTOR = YES;
				GCC_WARN_UNINITIALIZED_AUTOS = YES_AGGRESSIVE;
				GCC_WARN_UNUSED_FUNCTION = YES;
				GCC_WARN_UNUSED_VARIABLE = YES;
				IPHONEOS_DEPLOYMENT_TARGET = 9.2;
				MTL_ENABLE_DEBUG_INFO = NO;
				SDKROOT = iphoneos;
				TARGETED_DEVICE_FAMILY = "1,2";
				VALIDATE_PRODUCT = YES;
			};
			name = Release;
		};
		F00388711CE9A91300FCCEF5 /* Debug */ = {
			isa = XCBuildConfiguration;
			buildSettings = {
				ASSETCATALOG_COMPILER_APPICON_NAME = AppIcon;
				CLANG_ENABLE_OBJC_ARC = YES;
				INFOPLIST_FILE = XPVideoPlayer/Info.plist;
				IPHONEOS_DEPLOYMENT_TARGET = 8.1;
				LD_RUNPATH_SEARCH_PATHS = "$(inherited) @executable_path/Frameworks";
				PRODUCT_BUNDLE_IDENTIFIER = bupt.edu.xpdu.XPVideoPlayer;
				PRODUCT_NAME = "$(TARGET_NAME)";
			};
			name = Debug;
		};
		F00388721CE9A91300FCCEF5 /* Release */ = {
			isa = XCBuildConfiguration;
			buildSettings = {
				ASSETCATALOG_COMPILER_APPICON_NAME = AppIcon;
				CLANG_ENABLE_OBJC_ARC = YES;
				INFOPLIST_FILE = XPVideoPlayer/Info.plist;
				IPHONEOS_DEPLOYMENT_TARGET = 8.1;
				LD_RUNPATH_SEARCH_PATHS = "$(inherited) @executable_path/Frameworks";
				PRODUCT_BUNDLE_IDENTIFIER = bupt.edu.xpdu.XPVideoPlayer;
				PRODUCT_NAME = "$(TARGET_NAME)";
			};
			name = Release;
		};
		F00388741CE9A91300FCCEF5 /* Debug */ = {
			isa = XCBuildConfiguration;
			buildSettings = {
				BUNDLE_LOADER = "$(TEST_HOST)";
				INFOPLIST_FILE = XPVideoPlayerTests/Info.plist;
				LD_RUNPATH_SEARCH_PATHS = "$(inherited) @executable_path/Frameworks @loader_path/Frameworks";
				PRODUCT_BUNDLE_IDENTIFIER = bupt.edu.xpdu.XPVideoPlayerTests;
				PRODUCT_NAME = "$(TARGET_NAME)";
				TEST_HOST = "$(BUILT_PRODUCTS_DIR)/XPVideoPlayer.app/XPVideoPlayer";
			};
			name = Debug;
		};
		F00388751CE9A91300FCCEF5 /* Release */ = {
			isa = XCBuildConfiguration;
			buildSettings = {
				BUNDLE_LOADER = "$(TEST_HOST)";
				INFOPLIST_FILE = XPVideoPlayerTests/Info.plist;
				LD_RUNPATH_SEARCH_PATHS = "$(inherited) @executable_path/Frameworks @loader_path/Frameworks";
				PRODUCT_BUNDLE_IDENTIFIER = bupt.edu.xpdu.XPVideoPlayerTests;
				PRODUCT_NAME = "$(TARGET_NAME)";
				TEST_HOST = "$(BUILT_PRODUCTS_DIR)/XPVideoPlayer.app/XPVideoPlayer";
			};
			name = Release;
		};
		F00388771CE9A91300FCCEF5 /* Debug */ = {
			isa = XCBuildConfiguration;
			buildSettings = {
				INFOPLIST_FILE = XPVideoPlayerUITests/Info.plist;
				LD_RUNPATH_SEARCH_PATHS = "$(inherited) @executable_path/Frameworks @loader_path/Frameworks";
				PRODUCT_BUNDLE_IDENTIFIER = bupt.edu.xpdu.XPVideoPlayerUITests;
				PRODUCT_NAME = "$(TARGET_NAME)";
				TEST_TARGET_NAME = XPVideoPlayer;
				USES_XCTRUNNER = YES;
			};
			name = Debug;
		};
		F00388781CE9A91300FCCEF5 /* Release */ = {
			isa = XCBuildConfiguration;
			buildSettings = {
				INFOPLIST_FILE = XPVideoPlayerUITests/Info.plist;
				LD_RUNPATH_SEARCH_PATHS = "$(inherited) @executable_path/Frameworks @loader_path/Frameworks";
				PRODUCT_BUNDLE_IDENTIFIER = bupt.edu.xpdu.XPVideoPlayerUITests;
				PRODUCT_NAME = "$(TARGET_NAME)";
				TEST_TARGET_NAME = XPVideoPlayer;
				USES_XCTRUNNER = YES;
			};
			name = Release;
		};
/* End XCBuildConfiguration section */

/* Begin XCConfigurationList section */
		F003883E1CE9A91300FCCEF5 /* Build configuration list for PBXProject "XPVideoPlayer" */ = {
			isa = XCConfigurationList;
			buildConfigurations = (
				F003886E1CE9A91300FCCEF5 /* Debug */,
				F003886F1CE9A91300FCCEF5 /* Release */,
			);
			defaultConfigurationIsVisible = 0;
			defaultConfigurationName = Release;
		};
		F00388701CE9A91300FCCEF5 /* Build configuration list for PBXNativeTarget "XPVideoPlayer" */ = {
			isa = XCConfigurationList;
			buildConfigurations = (
				F00388711CE9A91300FCCEF5 /* Debug */,
				F00388721CE9A91300FCCEF5 /* Release */,
			);
			defaultConfigurationIsVisible = 0;
			defaultConfigurationName = Release;
		};
		F00388731CE9A91300FCCEF5 /* Build configuration list for PBXNativeTarget "XPVideoPlayerTests" */ = {
			isa = XCConfigurationList;
			buildConfigurations = (
				F00388741CE9A91300FCCEF5 /* Debug */,
				F00388751CE9A91300FCCEF5 /* Release */,
			);
			defaultConfigurationIsVisible = 0;
			defaultConfigurationName = Release;
		};
		F00388761CE9A91300FCCEF5 /* Build configuration list for PBXNativeTarget "XPVideoPlayerUITests" */ = {
			isa = XCConfigurationList;
			buildConfigurations = (
				F00388771CE9A91300FCCEF5 /* Debug */,
				F00388781CE9A91300FCCEF5 /* Release */,
			);
			defaultConfigurationIsVisible = 0;
			defaultConfigurationName = Release;
		};
/* End XCConfigurationList section */
	};
	rootObject = F003883B1CE9A91300FCCEF5 /* Project object */;
}
